
Microsoft Visual Studio Solution File, Format Version 12.00
# Visual Studio Version 17
VisualStudioVersion = 17.14.36401.2 d17.14
MinimumVisualStudioVersion = 10.0.40219.1
Project("{FAE04EC0-301F-11D3-BF4B-00C04F79EFBC}") = "HabitLogger.JonesKwameOsei", "HabitLogger.JonesKwameOsei.csproj", "{FBA134CD-AEBF-467B-BD66-1C1120E90639}"
EndProject
Global
	GlobalSection(SolutionConfigurationPlatforms) = preSolution
		Debug|Any CPU = Debug|Any CPU
		Release|Any CPU = Release|Any CPU
	EndGlobalSection
	GlobalSection(ProjectConfigurationPlatforms) = postSolution
		{FBA134CD-AEBF-467B-BD66-1C1120E90639}.Debug|Any CPU.ActiveCfg = Debug|Any CPU
		{FBA134CD-AEBF-467B-BD66-1C1120E90639}.Debug|Any CPU.Build.0 = Debug|Any CPU
		{FBA134CD-AEBF-467B-BD66-1C1120E90639}.Release|Any CPU.ActiveCfg = Release|Any CPU
		{FBA134CD-AEBF-467B-BD66-1C1120E90639}.Release|Any CPU.Build.0 = Release|Any CPU
	EndGlobalSection
	GlobalSection(SolutionProperties) = preSolution
		HideSolutionNode = FALSE
	EndGlobalSection
	GlobalSection(ExtensibilityGlobals) = postSolution
		SolutionGuid = {C31C1535-73AA-4F08-BFBA-8E42B7449F35}
	EndGlobalSection
EndGlobal
